
Microsoft Visual Studio Solution File, Format Version 12.00
# Visual Studio Version 16
VisualStudioVersion = 16.0.30907.101
MinimumVisualStudioVersion = 10.0.40219.1
Project("{FAE04EC0-301F-11D3-BF4B-00C04F79EFBC}") = "ClientCFC-P4-20190140119", "ClientCFC-P4-20190140119\ClientCFC-P4-20190140119.csproj", "{041166DD-155B-4B04-A3C6-78A3BFFDDE9D}"
EndProject
Global
	GlobalSection(SolutionConfigurationPlatforms) = preSolution
		Debug|Any CPU = Debug|Any CPU
		Release|Any CPU = Release|Any CPU
	EndGlobalSection
	GlobalSection(ProjectConfigurationPlatforms) = postSolution
		{041166DD-155B-4B04-A3C6-78A3BFFDDE9D}.Debug|Any CPU.ActiveCfg = Debug|Any CPU
		{041166DD-155B-4B04-A3C6-78A3BFFDDE9D}.Debug|Any CPU.Build.0 = Debug|Any CPU
		{041166DD-155B-4B04-A3C6-78A3BFFDDE9D}.Release|Any CPU.ActiveCfg = Release|Any CPU
		{041166DD-155B-4B04-A3C6-78A3BFFDDE9D}.Release|Any CPU.Build.0 = Release|Any CPU
	EndGlobalSection
	GlobalSection(SolutionProperties) = preSolution
		HideSolutionNode = FALSE
	EndGlobalSection
	GlobalSection(ExtensibilityGlobals) = postSolution
		SolutionGuid = {6363854D-AC79-4D42-9E1C-56EF89453227}
	EndGlobalSection
EndGlobal
